
Microsoft Visual Studio Solution File, Format Version 12.00
# Visual Studio Version 17
VisualStudioVersion = 17.4.33103.184
MinimumVisualStudioVersion = 10.0.40219.1
Project("{9A19103F-16F7-4668-BE54-9A1E7A4F7556}") = "AdventOfCode", "AdventOfCode\AdventOfCode.csproj", "{F1D270C8-1807-454D-A429-21EB67604B9A}"
EndProject
Project("{9A19103F-16F7-4668-BE54-9A1E7A4F7556}") = "Nae.Utils", "Nae.Utils\Nae.Utils.csproj", "{6893F5D7-F322-4B59-9C08-A525AC555D5A}"
EndProject
Project("{9A19103F-16F7-4668-BE54-9A1E7A4F7556}") = "AdventOfCode.V2019", "AdventOfCode.V2019\AdventOfCode.V2019.csproj", "{67CFAF20-DDE4-476F-82E6-5539ED2EB576}"
EndProject
Project("{9A19103F-16F7-4668-BE54-9A1E7A4F7556}") = "AdventOfCode.Core", "AdventOfCode.Core\AdventOfCode.Core.csproj", "{CE3F0240-ED39-421A-AD6D-C698999E2B11}"
EndProject
Project("{9A19103F-16F7-4668-BE54-9A1E7A4F7556}") = "AdventOfCode.V2021", "AdventOfCode.V2021\AdventOfCode.V2021.csproj", "{8D72B86D-7D05-4AA6-8166-460E4621279A}"
EndProject
Project("{9A19103F-16F7-4668-BE54-9A1E7A4F7556}") = "AdventOfCode.V2022", "AdventOfCode.V2022\AdventOfCode.V2022.csproj", "{80EC696A-BBCF-47AD-9BEF-0819A7E5D322}"
EndProject
Project("{FAE04EC0-301F-11D3-BF4B-00C04F79EFBC}") = "AdventOfCode.V2023", "AdventOfCode.V2023\AdventOfCode.V2023.csproj", "{2A90D6CB-67A4-4530-9E1D-19B51427FFE7}"
EndProject
Global
	GlobalSection(SolutionConfigurationPlatforms) = preSolution
		Debug|Any CPU = Debug|Any CPU
		Debug|x64 = Debug|x64
		Release|Any CPU = Release|Any CPU
		Release|x64 = Release|x64
	EndGlobalSection
	GlobalSection(ProjectConfigurationPlatforms) = postSolution
		{F1D270C8-1807-454D-A429-21EB67604B9A}.Debug|Any CPU.ActiveCfg = Debug|Any CPU
		{F1D270C8-1807-454D-A429-21EB67604B9A}.Debug|Any CPU.Build.0 = Debug|Any CPU
		{F1D270C8-1807-454D-A429-21EB67604B9A}.Debug|x64.ActiveCfg = Debug|x64
		{F1D270C8-1807-454D-A429-21EB67604B9A}.Debug|x64.Build.0 = Debug|x64
		{F1D270C8-1807-454D-A429-21EB67604B9A}.Release|Any CPU.ActiveCfg = Release|Any CPU
		{F1D270C8-1807-454D-A429-21EB67604B9A}.Release|Any CPU.Build.0 = Release|Any CPU
		{F1D270C8-1807-454D-A429-21EB67604B9A}.Release|x64.ActiveCfg = Release|x64
		{F1D270C8-1807-454D-A429-21EB67604B9A}.Release|x64.Build.0 = Release|x64
		{6893F5D7-F322-4B59-9C08-A525AC555D5A}.Debug|Any CPU.ActiveCfg = Debug|Any CPU
		{6893F5D7-F322-4B59-9C08-A525AC555D5A}.Debug|Any CPU.Build.0 = Debug|Any CPU
		{6893F5D7-F322-4B59-9C08-A525AC555D5A}.Debug|x64.ActiveCfg = Debug|Any CPU
		{6893F5D7-F322-4B59-9C08-A525AC555D5A}.Debug|x64.Build.0 = Debug|Any CPU
		{6893F5D7-F322-4B59-9C08-A525AC555D5A}.Release|Any CPU.ActiveCfg = Release|Any CPU
		{6893F5D7-F322-4B59-9C08-A525AC555D5A}.Release|Any CPU.Build.0 = Release|Any CPU
		{6893F5D7-F322-4B59-9C08-A525AC555D5A}.Release|x64.ActiveCfg = Release|Any CPU
		{6893F5D7-F322-4B59-9C08-A525AC555D5A}.Release|x64.Build.0 = Release|Any CPU
		{67CFAF20-DDE4-476F-82E6-5539ED2EB576}.Debug|Any CPU.ActiveCfg = Debug|Any CPU
		{67CFAF20-DDE4-476F-82E6-5539ED2EB576}.Debug|Any CPU.Build.0 = Debug|Any CPU
		{67CFAF20-DDE4-476F-82E6-5539ED2EB576}.Debug|x64.ActiveCfg = Debug|Any CPU
		{67CFAF20-DDE4-476F-82E6-5539ED2EB576}.Debug|x64.Build.0 = Debug|Any CPU
		{67CFAF20-DDE4-476F-82E6-5539ED2EB576}.Release|Any CPU.ActiveCfg = Release|Any CPU
		{67CFAF20-DDE4-476F-82E6-5539ED2EB576}.Release|Any CPU.Build.0 = Release|Any CPU
		{67CFAF20-DDE4-476F-82E6-5539ED2EB576}.Release|x64.ActiveCfg = Release|Any CPU
		{67CFAF20-DDE4-476F-82E6-5539ED2EB576}.Release|x64.Build.0 = Release|Any CPU
		{CE3F0240-ED39-421A-AD6D-C698999E2B11}.Debug|Any CPU.ActiveCfg = Debug|Any CPU
		{CE3F0240-ED39-421A-AD6D-C698999E2B11}.Debug|Any CPU.Build.0 = Debug|Any CPU
		{CE3F0240-ED39-421A-AD6D-C698999E2B11}.Debug|x64.ActiveCfg = Debug|Any CPU
		{CE3F0240-ED39-421A-AD6D-C698999E2B11}.Debug|x64.Build.0 = Debug|Any CPU
		{CE3F0240-ED39-421A-AD6D-C698999E2B11}.Release|Any CPU.ActiveCfg = Release|Any CPU
		{CE3F0240-ED39-421A-AD6D-C698999E2B11}.Release|Any CPU.Build.0 = Release|Any CPU
		{CE3F0240-ED39-421A-AD6D-C698999E2B11}.Release|x64.ActiveCfg = Release|Any CPU
		{CE3F0240-ED39-421A-AD6D-C698999E2B11}.Release|x64.Build.0 = Release|Any CPU
		{8D72B86D-7D05-4AA6-8166-460E4621279A}.Debug|Any CPU.ActiveCfg = Debug|Any CPU
		{8D72B86D-7D05-4AA6-8166-460E4621279A}.Debug|Any CPU.Build.0 = Debug|Any CPU
		{8D72B86D-7D05-4AA6-8166-460E4621279A}.Debug|x64.ActiveCfg = Debug|Any CPU
		{8D72B86D-7D05-4AA6-8166-460E4621279A}.Debug|x64.Build.0 = Debug|Any CPU
		{8D72B86D-7D05-4AA6-8166-460E4621279A}.Release|Any CPU.ActiveCfg = Release|Any CPU
		{8D72B86D-7D05-4AA6-8166-460E4621279A}.Release|Any CPU.Build.0 = Release|Any CPU
		{8D72B86D-7D05-4AA6-8166-460E4621279A}.Release|x64.ActiveCfg = Release|Any CPU
		{8D72B86D-7D05-4AA6-8166-460E4621279A}.Release|x64.Build.0 = Release|Any CPU
		{80EC696A-BBCF-47AD-9BEF-0819A7E5D322}.Debug|Any CPU.ActiveCfg = Debug|Any CPU
		{80EC696A-BBCF-47AD-9BEF-0819A7E5D322}.Debug|Any CPU.Build.0 = Debug|Any CPU
		{80EC696A-BBCF-47AD-9BEF-0819A7E5D322}.Debug|x64.ActiveCfg = Debug|Any CPU
		{80EC696A-BBCF-47AD-9BEF-0819A7E5D322}.Debug|x64.Build.0 = Debug|Any CPU
		{80EC696A-BBCF-47AD-9BEF-0819A7E5D322}.Release|Any CPU.ActiveCfg = Release|Any CPU
		{80EC696A-BBCF-47AD-9BEF-0819A7E5D322}.Release|Any CPU.Build.0 = Release|Any CPU
		{80EC696A-BBCF-47AD-9BEF-0819A7E5D322}.Release|x64.ActiveCfg = Release|Any CPU
		{80EC696A-BBCF-47AD-9BEF-0819A7E5D322}.Release|x64.Build.0 = Release|Any CPU
		{2A90D6CB-67A4-4530-9E1D-19B51427FFE7}.Debug|Any CPU.ActiveCfg = Debug|Any CPU
		{2A90D6CB-67A4-4530-9E1D-19B51427FFE7}.Debug|Any CPU.Build.0 = Debug|Any CPU
		{2A90D6CB-67A4-4530-9E1D-19B51427FFE7}.Debug|x64.ActiveCfg = Debug|Any CPU
		{2A90D6CB-67A4-4530-9E1D-19B51427FFE7}.Debug|x64.Build.0 = Debug|Any CPU
		{2A90D6CB-67A4-4530-9E1D-19B51427FFE7}.Release|Any CPU.ActiveCfg = Release|Any CPU
		{2A90D6CB-67A4-4530-9E1D-19B51427FFE7}.Release|Any CPU.Build.0 = Release|Any CPU
		{2A90D6CB-67A4-4530-9E1D-19B51427FFE7}.Release|x64.ActiveCfg = Release|Any CPU
		{2A90D6CB-67A4-4530-9E1D-19B51427FFE7}.Release|x64.Build.0 = Release|Any CPU
	EndGlobalSection
	GlobalSection(SolutionProperties) = preSolution
		HideSolutionNode = FALSE
	EndGlobalSection
	GlobalSection(ExtensibilityGlobals) = postSolution
		SolutionGuid = {12BA117D-E24F-4706-AB0D-1451BF80C2E2}
	EndGlobalSection
EndGlobal
